{
  "name": "catzgaming2012.github.io",
  "lockfileVersion": 2,
  "requires": true,
  "packages": {
    "": {
      "dependencies": {
        "bigdecimal.js": "^1.3.1"
      }
    },
    "node_modules/bigdecimal.js": {
      "version": "1.3.1",
      "resolved": "https://registry.npmjs.org/bigdecimal.js/-/bigdecimal.js-1.3.1.tgz",
      "integrity": "sha512-ovAaZP2zB3N+qdY/c7FI19FiMUl4wpM/x8IqL17jiUBwqacP5rY0xJoCHjTAF+++g9+hRGqIpQXpX893Bd8x4Q==",
      "engines": {
        "node": ">=10.4.0"
      }
    }
  },
  "dependencies": {
    "bigdecimal.js": {
      "version": "1.3.1",
      "resolved": "https://registry.npmjs.org/bigdecimal.js/-/bigdecimal.js-1.3.1.tgz",
      "integrity": "sha512-ovAaZP2zB3N+qdY/c7FI19FiMUl4wpM/x8IqL17jiUBwqacP5rY0xJoCHjTAF+++g9+hRGqIpQXpX893Bd8x4Q=="
    }
  }
}
